
Microsoft Visual Studio Solution File, Format Version 12.00
# Visual Studio Version 16
VisualStudioVersion = 16.0.31624.102
MinimumVisualStudioVersion = 10.0.40219.1
Project("{9A19103F-16F7-4668-BE54-9A1E7A4F7556}") = "AuthorizationMicroservice", "AuthorizationMicroservice\AuthorizationMicroservice.csproj", "{7223856D-77E8-4499-8390-C4186EEB7D6A}"
EndProject
Project("{9A19103F-16F7-4668-BE54-9A1E7A4F7556}") = "AuthorizationMicroservice.Tests", "AuthorizationMicroservice.Tests\AuthorizationMicroservice.Tests.csproj", "{EA10EEDA-1F5F-46D2-98A5-608789C18950}"
EndProject
Project("{9A19103F-16F7-4668-BE54-9A1E7A4F7556}") = "IPTreatmentOfferingMicroservice", "IPTreatmentOfferingMicroservice\IPTreatmentOfferingMicroservice.csproj", "{BDAC4EC1-F038-445E-B033-7591558C2E3C}"
EndProject
Project("{9A19103F-16F7-4668-BE54-9A1E7A4F7556}") = "IPTreatmentOfferingMicroservice.Tests", "IPTreatmentOfferingMicroservice.Tests\IPTreatmentOfferingMicroservice.Tests.csproj", "{4E42D9F2-F1EF-44A6-AB58-A48E428DAA79}"
EndProject
Global
	GlobalSection(SolutionConfigurationPlatforms) = preSolution
		Debug|Any CPU = Debug|Any CPU
		Release|Any CPU = Release|Any CPU
	EndGlobalSection
	GlobalSection(ProjectConfigurationPlatforms) = postSolution
		{7223856D-77E8-4499-8390-C4186EEB7D6A}.Debug|Any CPU.ActiveCfg = Debug|Any CPU
		{7223856D-77E8-4499-8390-C4186EEB7D6A}.Debug|Any CPU.Build.0 = Debug|Any CPU
		{7223856D-77E8-4499-8390-C4186EEB7D6A}.Release|Any CPU.ActiveCfg = Release|Any CPU
		{7223856D-77E8-4499-8390-C4186EEB7D6A}.Release|Any CPU.Build.0 = Release|Any CPU
		{EA10EEDA-1F5F-46D2-98A5-608789C18950}.Debug|Any CPU.ActiveCfg = Debug|Any CPU
		{EA10EEDA-1F5F-46D2-98A5-608789C18950}.Debug|Any CPU.Build.0 = Debug|Any CPU
		{EA10EEDA-1F5F-46D2-98A5-608789C18950}.Release|Any CPU.ActiveCfg = Release|Any CPU
		{EA10EEDA-1F5F-46D2-98A5-608789C18950}.Release|Any CPU.Build.0 = Release|Any CPU
		{BDAC4EC1-F038-445E-B033-7591558C2E3C}.Debug|Any CPU.ActiveCfg = Debug|Any CPU
		{BDAC4EC1-F038-445E-B033-7591558C2E3C}.Debug|Any CPU.Build.0 = Debug|Any CPU
		{BDAC4EC1-F038-445E-B033-7591558C2E3C}.Release|Any CPU.ActiveCfg = Release|Any CPU
		{BDAC4EC1-F038-445E-B033-7591558C2E3C}.Release|Any CPU.Build.0 = Release|Any CPU
		{4E42D9F2-F1EF-44A6-AB58-A48E428DAA79}.Debug|Any CPU.ActiveCfg = Debug|Any CPU
		{4E42D9F2-F1EF-44A6-AB58-A48E428DAA79}.Debug|Any CPU.Build.0 = Debug|Any CPU
		{4E42D9F2-F1EF-44A6-AB58-A48E428DAA79}.Release|Any CPU.ActiveCfg = Release|Any CPU
		{4E42D9F2-F1EF-44A6-AB58-A48E428DAA79}.Release|Any CPU.Build.0 = Release|Any CPU
	EndGlobalSection
	GlobalSection(SolutionProperties) = preSolution
		HideSolutionNode = FALSE
	EndGlobalSection
	GlobalSection(ExtensibilityGlobals) = postSolution
		SolutionGuid = {F46D41BD-BACF-49FE-A15F-CCEC172B5B44}
	EndGlobalSection
EndGlobal
